
Microsoft Visual Studio Solution File, Format Version 12.00
Project("{FAE04EC0-301F-11D3-BF4B-00C04F79EFBC}") = "MudBlazorChatbot", "MudBlazorChatbot\MudBlazorChatbot.csproj", "{442D3428-B229-4291-AF71-EE7E88EF3720}"
EndProject
Global
	GlobalSection(SolutionConfigurationPlatforms) = preSolution
		Debug|Any CPU = Debug|Any CPU
		Release|Any CPU = Release|Any CPU
	EndGlobalSection
	GlobalSection(ProjectConfigurationPlatforms) = postSolution
		{442D3428-B229-4291-AF71-EE7E88EF3720}.Debug|Any CPU.ActiveCfg = Debug|Any CPU
		{442D3428-B229-4291-AF71-EE7E88EF3720}.Debug|Any CPU.Build.0 = Debug|Any CPU
		{442D3428-B229-4291-AF71-EE7E88EF3720}.Release|Any CPU.ActiveCfg = Release|Any CPU
		{442D3428-B229-4291-AF71-EE7E88EF3720}.Release|Any CPU.Build.0 = Release|Any CPU
	EndGlobalSection
EndGlobal
